
Microsoft Visual Studio Solution File, Format Version 12.00
# Visual Studio Version 16
VisualStudioVersion = 16.0.30002.166
MinimumVisualStudioVersion = 10.0.40219.1
Project("{FAE04EC0-301F-11D3-BF4B-00C04F79EFBC}") = "SharepointPowershellService", "SharepointPowershellService\SharepointPowershellService.csproj", "{3D4FCE89-9344-4D26-98AE-4066A13E8238}"
EndProject
Project("{FAE04EC0-301F-11D3-BF4B-00C04F79EFBC}") = "FuckingExternalWrapperToSuppressCompilerError", "FuckingExternalWrapperToSuppressCompilerError\FuckingExternalWrapperToSuppressCompilerError.csproj", "{C9C132C5-4298-425C-9137-EF6C2B20B910}"
EndProject
Global
	GlobalSection(SolutionConfigurationPlatforms) = preSolution
		Debug|Any CPU = Debug|Any CPU
		Release|Any CPU = Release|Any CPU
	EndGlobalSection
	GlobalSection(ProjectConfigurationPlatforms) = postSolution
		{3D4FCE89-9344-4D26-98AE-4066A13E8238}.Debug|Any CPU.ActiveCfg = Debug|Any CPU
		{3D4FCE89-9344-4D26-98AE-4066A13E8238}.Debug|Any CPU.Build.0 = Debug|Any CPU
		{3D4FCE89-9344-4D26-98AE-4066A13E8238}.Debug|Any CPU.Deploy.0 = Debug|Any CPU
		{3D4FCE89-9344-4D26-98AE-4066A13E8238}.Release|Any CPU.ActiveCfg = Release|Any CPU
		{3D4FCE89-9344-4D26-98AE-4066A13E8238}.Release|Any CPU.Build.0 = Release|Any CPU
		{3D4FCE89-9344-4D26-98AE-4066A13E8238}.Release|Any CPU.Deploy.0 = Release|Any CPU
		{C9C132C5-4298-425C-9137-EF6C2B20B910}.Debug|Any CPU.ActiveCfg = Debug|Any CPU
		{C9C132C5-4298-425C-9137-EF6C2B20B910}.Debug|Any CPU.Build.0 = Debug|Any CPU
		{C9C132C5-4298-425C-9137-EF6C2B20B910}.Release|Any CPU.ActiveCfg = Release|Any CPU
		{C9C132C5-4298-425C-9137-EF6C2B20B910}.Release|Any CPU.Build.0 = Release|Any CPU
	EndGlobalSection
	GlobalSection(SolutionProperties) = preSolution
		HideSolutionNode = FALSE
	EndGlobalSection
	GlobalSection(ExtensibilityGlobals) = postSolution
		SolutionGuid = {F07BD1C1-4C6C-4088-A1BA-C8DCADB9FC77}
	EndGlobalSection
EndGlobal
